// !$*UTF8*$!
{
	archiveVersion = 1;
	classes = {
	};
	objectVersion = 46;
	objects = {

/* Begin PBXBuildFile section */
		D38D08BA1DB53C44006268FA /* main.m in Sources */ = {isa = PBXBuildFile; fileRef = D38D08B91DB53C44006268FA /* main.m */; };
		D38D08BD1DB53C44006268FA /* AppDelegate.m in Sources */ = {isa = PBXBuildFile; fileRef = D38D08BC1DB53C44006268FA /* AppDelegate.m */; };
		D38D08C51DB53C44006268FA /* Assets.xcassets in Resources */ = {isa = PBXBuildFile; fileRef = D38D08C41DB53C44006268FA /* Assets.xcassets */; };
		D38D08C81DB53C44006268FA /* LaunchScreen.storyboard in Resources */ = {isa = PBXBuildFile; fileRef = D38D08C61DB53C44006268FA /* LaunchScreen.storyboard */; };
		D38D08D41DB53E28006268FA /* AOSSearchCityVC.xib in Resources */ = {isa = PBXBuildFile; fileRef = D38D08D21DB53E28006268FA /* AOSSearchCityVC.xib */; };
		D38D08D71DB54315006268FA /* AOSSearchCityVC.m in Sources */ = {isa = PBXBuildFile; fileRef = D38D08D61DB54315006268FA /* AOSSearchCityVC.m */; };
		D38D08E01DB57327006268FA /* City.m in Sources */ = {isa = PBXBuildFile; fileRef = D38D08DF1DB57327006268FA /* City.m */; };
		D38D08E51DB5767F006268FA /* WeatherDownloadManager.m in Sources */ = {isa = PBXBuildFile; fileRef = D38D08E41DB5767F006268FA /* WeatherDownloadManager.m */; };
		D38D08E91DB58417006268FA /* JSONProcessing.m in Sources */ = {isa = PBXBuildFile; fileRef = D38D08E81DB58417006268FA /* JSONProcessing.m */; };
		D38D08ED1DB5F9A8006268FA /* WeatherDataManager.m in Sources */ = {isa = PBXBuildFile; fileRef = D38D08EC1DB5F9A8006268FA /* WeatherDataManager.m */; };
		D38D08F21DB629F4006268FA /* AOSDetailCityVC.xib in Resources */ = {isa = PBXBuildFile; fileRef = D38D08F11DB629F4006268FA /* AOSDetailCityVC.xib */; };
		D38D08F51DB62D25006268FA /* AOSDetailCityVC.m in Sources */ = {isa = PBXBuildFile; fileRef = D38D08F41DB62D25006268FA /* AOSDetailCityVC.m */; };
		D38D08F71DB62D8D006268FA /* MapKit.framework in Frameworks */ = {isa = PBXBuildFile; fileRef = D38D08F61DB62D8D006268FA /* MapKit.framework */; };
		D38D08FA1DB684BD006268FA /* CoreLocation.framework in Frameworks */ = {isa = PBXBuildFile; fileRef = D38D08F91DB684BD006268FA /* CoreLocation.framework */; };
		D38D08FD1DB686B0006268FA /* WeatherObservation.m in Sources */ = {isa = PBXBuildFile; fileRef = D38D08FC1DB686B0006268FA /* WeatherObservation.m */; };
		D38D09001DB6DA3B006268FA /* AOSObservationAnnotationMap.m in Sources */ = {isa = PBXBuildFile; fileRef = D38D08FF1DB6DA3B006268FA /* AOSObservationAnnotationMap.m */; };
		D38D09091DB7BED3006268FA /* AOSPreviousSearchTableViewController.m in Sources */ = {isa = PBXBuildFile; fileRef = D38D09071DB7BED3006268FA /* AOSPreviousSearchTableViewController.m */; };
		D38D090A1DB7BED3006268FA /* AOSPreviousSearchTableViewController.xib in Resources */ = {isa = PBXBuildFile; fileRef = D38D09081DB7BED3006268FA /* AOSPreviousSearchTableViewController.xib */; };
		D38D090E1DB7D20E006268FA /* PreviousSearches.m in Sources */ = {isa = PBXBuildFile; fileRef = D38D090D1DB7D20E006268FA /* PreviousSearches.m */; };
/* End PBXBuildFile section */

/* Begin PBXFileReference section */
		D38D08B51DB53C44006268FA /* Weather.app */ = {isa = PBXFileReference; explicitFileType = wrapper.application; includeInIndex = 0; path = Weather.app; sourceTree = BUILT_PRODUCTS_DIR; };
		D38D08B91DB53C44006268FA /* main.m */ = {isa = PBXFileReference; lastKnownFileType = sourcecode.c.objc; path = main.m; sourceTree = "<group>"; };
		D38D08BB1DB53C44006268FA /* AppDelegate.h */ = {isa = PBXFileReference; lastKnownFileType = sourcecode.c.h; path = AppDelegate.h; sourceTree = "<group>"; };
		D38D08BC1DB53C44006268FA /* AppDelegate.m */ = {isa = PBXFileReference; lastKnownFileType = sourcecode.c.objc; path = AppDelegate.m; sourceTree = "<group>"; };
		D38D08C41DB53C44006268FA /* Assets.xcassets */ = {isa = PBXFileReference; lastKnownFileType = folder.assetcatalog; path = Assets.xcassets; sourceTree = "<group>"; };
		D38D08C71DB53C44006268FA /* Base */ = {isa = PBXFileReference; lastKnownFileType = file.storyboard; name = Base; path = Base.lproj/LaunchScreen.storyboard; sourceTree = "<group>"; };
		D38D08C91DB53C44006268FA /* Info.plist */ = {isa = PBXFileReference; lastKnownFileType = text.plist.xml; path = Info.plist; sourceTree = "<group>"; };
		D38D08D21DB53E28006268FA /* AOSSearchCityVC.xib */ = {isa = PBXFileReference; fileEncoding = 4; lastKnownFileType = file.xib; path = AOSSearchCityVC.xib; sourceTree = "<group>"; };
		D38D08D51DB54315006268FA /* AOSSearchCityVC.h */ = {isa = PBXFileReference; fileEncoding = 4; lastKnownFileType = sourcecode.c.h; path = AOSSearchCityVC.h; sourceTree = "<group>"; };
		D38D08D61DB54315006268FA /* AOSSearchCityVC.m */ = {isa = PBXFileReference; fileEncoding = 4; lastKnownFileType = sourcecode.c.objc; path = AOSSearchCityVC.m; sourceTree = "<group>"; };
		D38D08D91DB56796006268FA /* Constants.h */ = {isa = PBXFileReference; lastKnownFileType = sourcecode.c.h; path = Constants.h; sourceTree = "<group>"; };
		D38D08DB1DB56A6C006268FA /* Location.h */ = {isa = PBXFileReference; lastKnownFileType = sourcecode.c.h; path = Location.h; sourceTree = "<group>"; };
		D38D08DE1DB57327006268FA /* City.h */ = {isa = PBXFileReference; fileEncoding = 4; lastKnownFileType = sourcecode.c.h; path = City.h; sourceTree = "<group>"; };
		D38D08DF1DB57327006268FA /* City.m */ = {isa = PBXFileReference; fileEncoding = 4; lastKnownFileType = sourcecode.c.objc; path = City.m; sourceTree = "<group>"; };
		D38D08E21DB575EA006268FA /* WeatherDownloadManagerDelegate.h */ = {isa = PBXFileReference; lastKnownFileType = sourcecode.c.h; path = WeatherDownloadManagerDelegate.h; sourceTree = "<group>"; };
		D38D08E31DB5767F006268FA /* WeatherDownloadManager.h */ = {isa = PBXFileReference; fileEncoding = 4; lastKnownFileType = sourcecode.c.h; path = WeatherDownloadManager.h; sourceTree = "<group>"; };
		D38D08E41DB5767F006268FA /* WeatherDownloadManager.m */ = {isa = PBXFileReference; fileEncoding = 4; lastKnownFileType = sourcecode.c.objc; path = WeatherDownloadManager.m; sourceTree = "<group>"; };
		D38D08E71DB58417006268FA /* JSONProcessing.h */ = {isa = PBXFileReference; fileEncoding = 4; lastKnownFileType = sourcecode.c.h; path = JSONProcessing.h; sourceTree = "<group>"; };
		D38D08E81DB58417006268FA /* JSONProcessing.m */ = {isa = PBXFileReference; fileEncoding = 4; lastKnownFileType = sourcecode.c.objc; path = JSONProcessing.m; sourceTree = "<group>"; };
		D38D08EA1DB5F951006268FA /* WeatherDataManagerDelegate.h */ = {isa = PBXFileReference; lastKnownFileType = sourcecode.c.h; path = WeatherDataManagerDelegate.h; sourceTree = "<group>"; };
		D38D08EB1DB5F9A8006268FA /* WeatherDataManager.h */ = {isa = PBXFileReference; fileEncoding = 4; lastKnownFileType = sourcecode.c.h; path = WeatherDataManager.h; sourceTree = "<group>"; };
		D38D08EC1DB5F9A8006268FA /* WeatherDataManager.m */ = {isa = PBXFileReference; fileEncoding = 4; lastKnownFileType = sourcecode.c.objc; path = WeatherDataManager.m; sourceTree = "<group>"; };
		D38D08F11DB629F4006268FA /* AOSDetailCityVC.xib */ = {isa = PBXFileReference; fileEncoding = 4; lastKnownFileType = file.xib; path = AOSDetailCityVC.xib; sourceTree = "<group>"; };
		D38D08F31DB62D25006268FA /* AOSDetailCityVC.h */ = {isa = PBXFileReference; fileEncoding = 4; lastKnownFileType = sourcecode.c.h; path = AOSDetailCityVC.h; sourceTree = "<group>"; };
		D38D08F41DB62D25006268FA /* AOSDetailCityVC.m */ = {isa = PBXFileReference; fileEncoding = 4; lastKnownFileType = sourcecode.c.objc; path = AOSDetailCityVC.m; sourceTree = "<group>"; };
		D38D08F61DB62D8D006268FA /* MapKit.framework */ = {isa = PBXFileReference; lastKnownFileType = wrapper.framework; name = MapKit.framework; path = System/Library/Frameworks/MapKit.framework; sourceTree = SDKROOT; };
		D38D08F91DB684BD006268FA /* CoreLocation.framework */ = {isa = PBXFileReference; lastKnownFileType = wrapper.framework; name = CoreLocation.framework; path = System/Library/Frameworks/CoreLocation.framework; sourceTree = SDKROOT; };
		D38D08FB1DB686B0006268FA /* WeatherObservation.h */ = {isa = PBXFileReference; fileEncoding = 4; lastKnownFileType = sourcecode.c.h; path = WeatherObservation.h; sourceTree = "<group>"; };
		D38D08FC1DB686B0006268FA /* WeatherObservation.m */ = {isa = PBXFileReference; fileEncoding = 4; lastKnownFileType = sourcecode.c.objc; path = WeatherObservation.m; sourceTree = "<group>"; };
		D38D08FE1DB6DA3B006268FA /* AOSObservationAnnotationMap.h */ = {isa = PBXFileReference; fileEncoding = 4; lastKnownFileType = sourcecode.c.h; path = AOSObservationAnnotationMap.h; sourceTree = "<group>"; };
		D38D08FF1DB6DA3B006268FA /* AOSObservationAnnotationMap.m */ = {isa = PBXFileReference; fileEncoding = 4; lastKnownFileType = sourcecode.c.objc; path = AOSObservationAnnotationMap.m; sourceTree = "<group>"; };
		D38D09061DB7BED3006268FA /* AOSPreviousSearchTableViewController.h */ = {isa = PBXFileReference; fileEncoding = 4; lastKnownFileType = sourcecode.c.h; path = AOSPreviousSearchTableViewController.h; sourceTree = "<group>"; };
		D38D09071DB7BED3006268FA /* AOSPreviousSearchTableViewController.m */ = {isa = PBXFileReference; fileEncoding = 4; lastKnownFileType = sourcecode.c.objc; path = AOSPreviousSearchTableViewController.m; sourceTree = "<group>"; };
		D38D09081DB7BED3006268FA /* AOSPreviousSearchTableViewController.xib */ = {isa = PBXFileReference; fileEncoding = 4; lastKnownFileType = file.xib; path = AOSPreviousSearchTableViewController.xib; sourceTree = "<group>"; };
		D38D090C1DB7D20E006268FA /* PreviousSearches.h */ = {isa = PBXFileReference; fileEncoding = 4; lastKnownFileType = sourcecode.c.h; path = PreviousSearches.h; sourceTree = "<group>"; };
		D38D090D1DB7D20E006268FA /* PreviousSearches.m */ = {isa = PBXFileReference; fileEncoding = 4; lastKnownFileType = sourcecode.c.objc; path = PreviousSearches.m; sourceTree = "<group>"; };
/* End PBXFileReference section */

/* Begin PBXFrameworksBuildPhase section */
		D38D08B21DB53C44006268FA /* Frameworks */ = {
			isa = PBXFrameworksBuildPhase;
			buildActionMask = 2147483647;
			files = (
				D38D08FA1DB684BD006268FA /* CoreLocation.framework in Frameworks */,
				D38D08F71DB62D8D006268FA /* MapKit.framework in Frameworks */,
			);
			runOnlyForDeploymentPostprocessing = 0;
		};
/* End PBXFrameworksBuildPhase section */

/* Begin PBXGroup section */
		D38D08AC1DB53C44006268FA = {
			isa = PBXGroup;
			children = (
				D38D08B71DB53C44006268FA /* Weather */,
				D38D08B61DB53C44006268FA /* Products */,
			);
			sourceTree = "<group>";
		};
		D38D08B61DB53C44006268FA /* Products */ = {
			isa = PBXGroup;
			children = (
				D38D08B51DB53C44006268FA /* Weather.app */,
			);
			name = Products;
			sourceTree = "<group>";
		};
		D38D08B71DB53C44006268FA /* Weather */ = {
			isa = PBXGroup;
			children = (
				D38D08D81DB566E7006268FA /* Common */,
				D38D08DC1DB56C8C006268FA /* Models */,
				D38D08DA1DB568DD006268FA /* Views */,
				D38D08CF1DB53DCA006268FA /* Controllers */,
				D38D08F81DB62D96006268FA /* Frameworks */,
				D38D08B81DB53C44006268FA /* Supporting Files */,
			);
			path = Weather;
			sourceTree = "<group>";
		};
		D38D08B81DB53C44006268FA /* Supporting Files */ = {
			isa = PBXGroup;
			children = (
				D38D08B91DB53C44006268FA /* main.m */,
			);
			name = "Supporting Files";
			sourceTree = "<group>";
		};
		D38D08CF1DB53DCA006268FA /* Controllers */ = {
			isa = PBXGroup;
			children = (
				D38D08D51DB54315006268FA /* AOSSearchCityVC.h */,
				D38D08D61DB54315006268FA /* AOSSearchCityVC.m */,
				D38D08F31DB62D25006268FA /* AOSDetailCityVC.h */,
				D38D08F41DB62D25006268FA /* AOSDetailCityVC.m */,
				D38D08FE1DB6DA3B006268FA /* AOSObservationAnnotationMap.h */,
				D38D08FF1DB6DA3B006268FA /* AOSObservationAnnotationMap.m */,
				D38D09061DB7BED3006268FA /* AOSPreviousSearchTableViewController.h */,
				D38D09071DB7BED3006268FA /* AOSPreviousSearchTableViewController.m */,
			);
			name = Controllers;
			sourceTree = "<group>";
		};
		D38D08D81DB566E7006268FA /* Common */ = {
			isa = PBXGroup;
			children = (
				D38D08BB1DB53C44006268FA /* AppDelegate.h */,
				D38D08BC1DB53C44006268FA /* AppDelegate.m */,
				D38D08D91DB56796006268FA /* Constants.h */,
				D38D08DB1DB56A6C006268FA /* Location.h */,
				D38D08C41DB53C44006268FA /* Assets.xcassets */,
				D38D08C61DB53C44006268FA /* LaunchScreen.storyboard */,
				D38D08C91DB53C44006268FA /* Info.plist */,
			);
			name = Common;
			sourceTree = "<group>";
		};
		D38D08DA1DB568DD006268FA /* Views */ = {
			isa = PBXGroup;
			children = (
				D38D08D21DB53E28006268FA /* AOSSearchCityVC.xib */,
				D38D08F11DB629F4006268FA /* AOSDetailCityVC.xib */,
				D38D09081DB7BED3006268FA /* AOSPreviousSearchTableViewController.xib */,
			);
			name = Views;
			sourceTree = "<group>";
		};
		D38D08DC1DB56C8C006268FA /* Models */ = {
			isa = PBXGroup;
			children = (
				D38D08E11DB575C6006268FA /* Network */,
				D38D08E61DB583DC006268FA /* JSON */,
				D38D08DD1DB571D0006268FA /* Model */,
			);
			name = Models;
			sourceTree = "<group>";
		};
		D38D08DD1DB571D0006268FA /* Model */ = {
			isa = PBXGroup;
			children = (
				D38D08EA1DB5F951006268FA /* WeatherDataManagerDelegate.h */,
				D38D08EB1DB5F9A8006268FA /* WeatherDataManager.h */,
				D38D08EC1DB5F9A8006268FA /* WeatherDataManager.m */,
				D38D08DE1DB57327006268FA /* City.h */,
				D38D08DF1DB57327006268FA /* City.m */,
				D38D08FB1DB686B0006268FA /* WeatherObservation.h */,
				D38D08FC1DB686B0006268FA /* WeatherObservation.m */,
				D38D090C1DB7D20E006268FA /* PreviousSearches.h */,
				D38D090D1DB7D20E006268FA /* PreviousSearches.m */,
			);
			name = Model;
			sourceTree = "<group>";
		};
		D38D08E11DB575C6006268FA /* Network */ = {
			isa = PBXGroup;
			children = (
				D38D08E21DB575EA006268FA /* WeatherDownloadManagerDelegate.h */,
				D38D08E31DB5767F006268FA /* WeatherDownloadManager.h */,
				D38D08E41DB5767F006268FA /* WeatherDownloadManager.m */,
			);
			name = Network;
			sourceTree = "<group>";
		};
		D38D08E61DB583DC006268FA /* JSON */ = {
			isa = PBXGroup;
			children = (
				D38D08E71DB58417006268FA /* JSONProcessing.h */,
				D38D08E81DB58417006268FA /* JSONProcessing.m */,
			);
			name = JSON;
			sourceTree = "<group>";
		};
		D38D08F81DB62D96006268FA /* Frameworks */ = {
			isa = PBXGroup;
			children = (
				D38D08F91DB684BD006268FA /* CoreLocation.framework */,
				D38D08F61DB62D8D006268FA /* MapKit.framework */,
			);
			name = Frameworks;
			sourceTree = "<group>";
		};
/* End PBXGroup section */

/* Begin PBXNativeTarget section */
		D38D08B41DB53C44006268FA /* Weather */ = {
			isa = PBXNativeTarget;
			buildConfigurationList = D38D08CC1DB53C44006268FA /* Build configuration list for PBXNativeTarget "Weather" */;
			buildPhases = (
				D38D08B11DB53C44006268FA /* Sources */,
				D38D08B21DB53C44006268FA /* Frameworks */,
				D38D08B31DB53C44006268FA /* Resources */,
			);
			buildRules = (
			);
			dependencies = (
			);
			name = Weather;
			productName = Weather;
			productReference = D38D08B51DB53C44006268FA /* Weather.app */;
			productType = "com.apple.product-type.application";
		};
/* End PBXNativeTarget section */

/* Begin PBXProject section */
		D38D08AD1DB53C44006268FA /* Project object */ = {
			isa = PBXProject;
			attributes = {
				LastUpgradeCheck = 0730;
				ORGANIZATIONNAME = aortegas;
				TargetAttributes = {
					D38D08B41DB53C44006268FA = {
						CreatedOnToolsVersion = 7.3.1;
					};
				};
			};
			buildConfigurationList = D38D08B01DB53C44006268FA /* Build configuration list for PBXProject "Weather" */;
			compatibilityVersion = "Xcode 3.2";
			developmentRegion = English;
			hasScannedForEncodings = 0;
			knownRegions = (
				en,
				Base,
			);
			mainGroup = D38D08AC1DB53C44006268FA;
			productRefGroup = D38D08B61DB53C44006268FA /* Products */;
			projectDirPath = "";
			projectRoot = "";
			targets = (
				D38D08B41DB53C44006268FA /* Weather */,
			);
		};
/* End PBXProject section */

/* Begin PBXResourcesBuildPhase section */
		D38D08B31DB53C44006268FA /* Resources */ = {
			isa = PBXResourcesBuildPhase;
			buildActionMask = 2147483647;
			files = (
				D38D08F21DB629F4006268FA /* AOSDetailCityVC.xib in Resources */,
				D38D08C81DB53C44006268FA /* LaunchScreen.storyboard in Resources */,
				D38D08D41DB53E28006268FA /* AOSSearchCityVC.xib in Resources */,
				D38D08C51DB53C44006268FA /* Assets.xcassets in Resources */,
				D38D090A1DB7BED3006268FA /* AOSPreviousSearchTableViewController.xib in Resources */,
			);
			runOnlyForDeploymentPostprocessing = 0;
		};
/* End PBXResourcesBuildPhase section */

/* Begin PBXSourcesBuildPhase section */
		D38D08B11DB53C44006268FA /* Sources */ = {
			isa = PBXSourcesBuildPhase;
			buildActionMask = 2147483647;
			files = (
				D38D090E1DB7D20E006268FA /* PreviousSearches.m in Sources */,
				D38D08D71DB54315006268FA /* AOSSearchCityVC.m in Sources */,
				D38D08BD1DB53C44006268FA /* AppDelegate.m in Sources */,
				D38D09001DB6DA3B006268FA /* AOSObservationAnnotationMap.m in Sources */,
				D38D08E01DB57327006268FA /* City.m in Sources */,
				D38D09091DB7BED3006268FA /* AOSPreviousSearchTableViewController.m in Sources */,
				D38D08BA1DB53C44006268FA /* main.m in Sources */,
				D38D08F51DB62D25006268FA /* AOSDetailCityVC.m in Sources */,
				D38D08E91DB58417006268FA /* JSONProcessing.m in Sources */,
				D38D08FD1DB686B0006268FA /* WeatherObservation.m in Sources */,
				D38D08ED1DB5F9A8006268FA /* WeatherDataManager.m in Sources */,
				D38D08E51DB5767F006268FA /* WeatherDownloadManager.m in Sources */,
			);
			runOnlyForDeploymentPostprocessing = 0;
		};
/* End PBXSourcesBuildPhase section */

/* Begin PBXVariantGroup section */
		D38D08C61DB53C44006268FA /* LaunchScreen.storyboard */ = {
			isa = PBXVariantGroup;
			children = (
				D38D08C71DB53C44006268FA /* Base */,
			);
			name = LaunchScreen.storyboard;
			sourceTree = "<group>";
		};
/* End PBXVariantGroup section */

/* Begin XCBuildConfiguration section */
		D38D08CA1DB53C44006268FA /* Debug */ = {
			isa = XCBuildConfiguration;
			buildSettings = {
				ALWAYS_SEARCH_USER_PATHS = NO;
				CLANG_ANALYZER_NONNULL = YES;
				CLANG_CXX_LANGUAGE_STANDARD = "gnu++0x";
				CLANG_CXX_LIBRARY = "libc++";
				CLANG_ENABLE_MODULES = YES;
				CLANG_ENABLE_OBJC_ARC = YES;
				CLANG_WARN_BOOL_CONVERSION = YES;
				CLANG_WARN_CONSTANT_CONVERSION = YES;
				CLANG_WARN_DIRECT_OBJC_ISA_USAGE = YES_ERROR;
				CLANG_WARN_EMPTY_BODY = YES;
				CLANG_WARN_ENUM_CONVERSION = YES;
				CLANG_WARN_INT_CONVERSION = YES;
				CLANG_WARN_OBJC_ROOT_CLASS = YES_ERROR;
				CLANG_WARN_UNREACHABLE_CODE = YES;
				CLANG_WARN__DUPLICATE_METHOD_MATCH = YES;
				"CODE_SIGN_IDENTITY[sdk=iphoneos*]" = "iPhone Developer";
				COPY_PHASE_STRIP = NO;
				DEBUG_INFORMATION_FORMAT = dwarf;
				ENABLE_STRICT_OBJC_MSGSEND = YES;
				ENABLE_TESTABILITY = YES;
				GCC_C_LANGUAGE_STANDARD = gnu99;
				GCC_DYNAMIC_NO_PIC = NO;
				GCC_NO_COMMON_BLOCKS = YES;
				GCC_OPTIMIZATION_LEVEL = 0;
				GCC_PREPROCESSOR_DEFINITIONS = (
					"DEBUG=1",
					"$(inherited)",
				);
				GCC_WARN_64_TO_32_BIT_CONVERSION = YES;
				GCC_WARN_ABOUT_RETURN_TYPE = YES_ERROR;
				GCC_WARN_UNDECLARED_SELECTOR = YES;
				GCC_WARN_UNINITIALIZED_AUTOS = YES_AGGRESSIVE;
				GCC_WARN_UNUSED_FUNCTION = YES;
				GCC_WARN_UNUSED_VARIABLE = YES;
				IPHONEOS_DEPLOYMENT_TARGET = 9.3;
				MTL_ENABLE_DEBUG_INFO = YES;
				ONLY_ACTIVE_ARCH = YES;
				SDKROOT = iphoneos;
			};
			name = Debug;
		};
		D38D08CB1DB53C44006268FA /* Release */ = {
			isa = XCBuildConfiguration;
			buildSettings = {
				ALWAYS_SEARCH_USER_PATHS = NO;
				CLANG_ANALYZER_NONNULL = YES;
				CLANG_CXX_LANGUAGE_STANDARD = "gnu++0x";
				CLANG_CXX_LIBRARY = "libc++";
				CLANG_ENABLE_MODULES = YES;
				CLANG_ENABLE_OBJC_ARC = YES;
				CLANG_WARN_BOOL_CONVERSION = YES;
				CLANG_WARN_CONSTANT_CONVERSION = YES;
				CLANG_WARN_DIRECT_OBJC_ISA_USAGE = YES_ERROR;
				CLANG_WARN_EMPTY_BODY = YES;
				CLANG_WARN_ENUM_CONVERSION = YES;
				CLANG_WARN_INT_CONVERSION = YES;
				CLANG_WARN_OBJC_ROOT_CLASS = YES_ERROR;
				CLANG_WARN_UNREACHABLE_CODE = YES;
				CLANG_WARN__DUPLICATE_METHOD_MATCH = YES;
				"CODE_SIGN_IDENTITY[sdk=iphoneos*]" = "iPhone Developer";
				COPY_PHASE_STRIP = NO;
				DEBUG_INFORMATION_FORMAT = "dwarf-with-dsym";
				ENABLE_NS_ASSERTIONS = NO;
				ENABLE_STRICT_OBJC_MSGSEND = YES;
				GCC_C_LANGUAGE_STANDARD = gnu99;
				GCC_NO_COMMON_BLOCKS = YES;
				GCC_WARN_64_TO_32_BIT_CONVERSION = YES;
				GCC_WARN_ABOUT_RETURN_TYPE = YES_ERROR;
				GCC_WARN_UNDECLARED_SELECTOR = YES;
				GCC_WARN_UNINITIALIZED_AUTOS = YES_AGGRESSIVE;
				GCC_WARN_UNUSED_FUNCTION = YES;
				GCC_WARN_UNUSED_VARIABLE = YES;
				IPHONEOS_DEPLOYMENT_TARGET = 9.3;
				MTL_ENABLE_DEBUG_INFO = NO;
				SDKROOT = iphoneos;
				VALIDATE_PRODUCT = YES;
			};
			name = Release;
		};
		D38D08CD1DB53C44006268FA /* Debug */ = {
			isa = XCBuildConfiguration;
			buildSettings = {
				ASSETCATALOG_COMPILER_APPICON_NAME = AppIcon;
				INFOPLIST_FILE = Weather/Info.plist;
				LD_RUNPATH_SEARCH_PATHS = "$(inherited) @executable_path/Frameworks";
				PRODUCT_BUNDLE_IDENTIFIER = io.aortegas.Weather;
				PRODUCT_NAME = "$(TARGET_NAME)";
			};
			name = Debug;
		};
		D38D08CE1DB53C44006268FA /* Release */ = {
			isa = XCBuildConfiguration;
			buildSettings = {
				ASSETCATALOG_COMPILER_APPICON_NAME = AppIcon;
				INFOPLIST_FILE = Weather/Info.plist;
				LD_RUNPATH_SEARCH_PATHS = "$(inherited) @executable_path/Frameworks";
				PRODUCT_BUNDLE_IDENTIFIER = io.aortegas.Weather;
				PRODUCT_NAME = "$(TARGET_NAME)";
			};
			name = Release;
		};
/* End XCBuildConfiguration section */

/* Begin XCConfigurationList section */
		D38D08B01DB53C44006268FA /* Build configuration list for PBXProject "Weather" */ = {
			isa = XCConfigurationList;
			buildConfigurations = (
				D38D08CA1DB53C44006268FA /* Debug */,
				D38D08CB1DB53C44006268FA /* Release */,
			);
			defaultConfigurationIsVisible = 0;
			defaultConfigurationName = Release;
		};
		D38D08CC1DB53C44006268FA /* Build configuration list for PBXNativeTarget "Weather" */ = {
			isa = XCConfigurationList;
			buildConfigurations = (
				D38D08CD1DB53C44006268FA /* Debug */,
				D38D08CE1DB53C44006268FA /* Release */,
			);
			defaultConfigurationIsVisible = 0;
		};
/* End XCConfigurationList section */
	};
	rootObject = D38D08AD1DB53C44006268FA /* Project object */;
}
